// !$*UTF8*$!
{
	archiveVersion = 1;
	classes = {
	};
	objectVersion = 50;
	objects = {

/* Begin PBXBuildFile section */
		813577DF25114566004BD31C /* AppDelegate.swift in Sources */ = {isa = PBXBuildFile; fileRef = 813577DE25114566004BD31C /* AppDelegate.swift */; };
		813577E125114566004BD31C /* SceneDelegate.swift in Sources */ = {isa = PBXBuildFile; fileRef = 813577E025114566004BD31C /* SceneDelegate.swift */; };
		813577E325114566004BD31C /* ViewController.swift in Sources */ = {isa = PBXBuildFile; fileRef = 813577E225114566004BD31C /* ViewController.swift */; };
		813577E625114566004BD31C /* Main.storyboard in Resources */ = {isa = PBXBuildFile; fileRef = 813577E425114566004BD31C /* Main.storyboard */; };
		813577E82511456A004BD31C /* Assets.xcassets in Resources */ = {isa = PBXBuildFile; fileRef = 813577E72511456A004BD31C /* Assets.xcassets */; };
		813577EB2511456A004BD31C /* LaunchScreen.storyboard in Resources */ = {isa = PBXBuildFile; fileRef = 813577E92511456A004BD31C /* LaunchScreen.storyboard */; };
		813577F32511457E004BD31C /* CustomButton.swift in Sources */ = {isa = PBXBuildFile; fileRef = 813577F22511457E004BD31C /* CustomButton.swift */; };
		81B12DB12525168800EA0A29 /* TutorSignup.swift in Sources */ = {isa = PBXBuildFile; fileRef = 81B12DB02525168800EA0A29 /* TutorSignup.swift */; };
		81B12DB3252517AB00EA0A29 /* Info.swift in Sources */ = {isa = PBXBuildFile; fileRef = 81B12DB2252517AB00EA0A29 /* Info.swift */; };
/* End PBXBuildFile section */

/* Begin PBXFileReference section */
		813577DB25114566004BD31C /* EPHS Trace.app */ = {isa = PBXFileReference; explicitFileType = wrapper.application; includeInIndex = 0; path = "EPHS Trace.app"; sourceTree = BUILT_PRODUCTS_DIR; };
		813577DE25114566004BD31C /* AppDelegate.swift */ = {isa = PBXFileReference; lastKnownFileType = sourcecode.swift; path = AppDelegate.swift; sourceTree = "<group>"; };
		813577E025114566004BD31C /* SceneDelegate.swift */ = {isa = PBXFileReference; lastKnownFileType = sourcecode.swift; path = SceneDelegate.swift; sourceTree = "<group>"; };
		813577E225114566004BD31C /* ViewController.swift */ = {isa = PBXFileReference; lastKnownFileType = sourcecode.swift; path = ViewController.swift; sourceTree = "<group>"; };
		813577E525114566004BD31C /* Base */ = {isa = PBXFileReference; lastKnownFileType = file.storyboard; name = Base; path = Base.lproj/Main.storyboard; sourceTree = "<group>"; };
		813577E72511456A004BD31C /* Assets.xcassets */ = {isa = PBXFileReference; lastKnownFileType = folder.assetcatalog; path = Assets.xcassets; sourceTree = "<group>"; };
		813577EA2511456A004BD31C /* Base */ = {isa = PBXFileReference; lastKnownFileType = file.storyboard; name = Base; path = Base.lproj/LaunchScreen.storyboard; sourceTree = "<group>"; };
		813577EC2511456A004BD31C /* Info.plist */ = {isa = PBXFileReference; lastKnownFileType = text.plist.xml; path = Info.plist; sourceTree = "<group>"; };
		813577F22511457E004BD31C /* CustomButton.swift */ = {isa = PBXFileReference; lastKnownFileType = sourcecode.swift; path = CustomButton.swift; sourceTree = "<group>"; };
		81B12DB02525168800EA0A29 /* TutorSignup.swift */ = {isa = PBXFileReference; lastKnownFileType = sourcecode.swift; path = TutorSignup.swift; sourceTree = "<group>"; };
		81B12DB2252517AB00EA0A29 /* Info.swift */ = {isa = PBXFileReference; lastKnownFileType = sourcecode.swift; path = Info.swift; sourceTree = "<group>"; };
/* End PBXFileReference section */

/* Begin PBXFrameworksBuildPhase section */
		813577D825114566004BD31C /* Frameworks */ = {
			isa = PBXFrameworksBuildPhase;
			buildActionMask = 2147483647;
			files = (
			);
			runOnlyForDeploymentPostprocessing = 0;
		};
/* End PBXFrameworksBuildPhase section */

/* Begin PBXGroup section */
		813577D225114565004BD31C = {
			isa = PBXGroup;
			children = (
				813577DD25114566004BD31C /* EPHS Trace */,
				813577DC25114566004BD31C /* Products */,
			);
			sourceTree = "<group>";
		};
		813577DC25114566004BD31C /* Products */ = {
			isa = PBXGroup;
			children = (
				813577DB25114566004BD31C /* EPHS Trace.app */,
			);
			name = Products;
			sourceTree = "<group>";
		};
		813577DD25114566004BD31C /* EPHS Trace */ = {
			isa = PBXGroup;
			children = (
				813577DE25114566004BD31C /* AppDelegate.swift */,
				813577E025114566004BD31C /* SceneDelegate.swift */,
				813577F22511457E004BD31C /* CustomButton.swift */,
				813577E225114566004BD31C /* ViewController.swift */,
				81B12DB02525168800EA0A29 /* TutorSignup.swift */,
				81B12DB2252517AB00EA0A29 /* Info.swift */,
				813577E425114566004BD31C /* Main.storyboard */,
				813577E72511456A004BD31C /* Assets.xcassets */,
				813577E92511456A004BD31C /* LaunchScreen.storyboard */,
				813577EC2511456A004BD31C /* Info.plist */,
			);
			path = "EPHS Trace";
			sourceTree = "<group>";
		};
/* End PBXGroup section */

/* Begin PBXNativeTarget section */
		813577DA25114566004BD31C /* EPHS Trace */ = {
			isa = PBXNativeTarget;
			buildConfigurationList = 813577EF2511456A004BD31C /* Build configuration list for PBXNativeTarget "EPHS Trace" */;
			buildPhases = (
				813577D725114566004BD31C /* Sources */,
				813577D825114566004BD31C /* Frameworks */,
				813577D925114566004BD31C /* Resources */,
			);
			buildRules = (
			);
			dependencies = (
			);
			name = "EPHS Trace";
			productName = "EPHS Trace";
			productReference = 813577DB25114566004BD31C /* EPHS Trace.app */;
			productType = "com.apple.product-type.application";
		};
/* End PBXNativeTarget section */

/* Begin PBXProject section */
		813577D325114565004BD31C /* Project object */ = {
			isa = PBXProject;
			attributes = {
				LastSwiftUpdateCheck = 1160;
				LastUpgradeCheck = 1160;
				ORGANIZATIONNAME = "Vincent Nguyen";
				TargetAttributes = {
					813577DA25114566004BD31C = {
						CreatedOnToolsVersion = 11.6;
					};
				};
			};
			buildConfigurationList = 813577D625114565004BD31C /* Build configuration list for PBXProject "EPHS Trace" */;
			compatibilityVersion = "Xcode 9.3";
			developmentRegion = en;
			hasScannedForEncodings = 0;
			knownRegions = (
				en,
				Base,
			);
			mainGroup = 813577D225114565004BD31C;
			productRefGroup = 813577DC25114566004BD31C /* Products */;
			projectDirPath = "";
			projectRoot = "";
			targets = (
				813577DA25114566004BD31C /* EPHS Trace */,
			);
		};
/* End PBXProject section */

/* Begin PBXResourcesBuildPhase section */
		813577D925114566004BD31C /* Resources */ = {
			isa = PBXResourcesBuildPhase;
			buildActionMask = 2147483647;
			files = (
				813577EB2511456A004BD31C /* LaunchScreen.storyboard in Resources */,
				813577E82511456A004BD31C /* Assets.xcassets in Resources */,
				813577E625114566004BD31C /* Main.storyboard in Resources */,
			);
			runOnlyForDeploymentPostprocessing = 0;
		};
/* End PBXResourcesBuildPhase section */

/* Begin PBXSourcesBuildPhase section */
		813577D725114566004BD31C /* Sources */ = {
			isa = PBXSourcesBuildPhase;
			buildActionMask = 2147483647;
			files = (
				81B12DB12525168800EA0A29 /* TutorSignup.swift in Sources */,
				813577F32511457E004BD31C /* CustomButton.swift in Sources */,
				813577E325114566004BD31C /* ViewController.swift in Sources */,
				81B12DB3252517AB00EA0A29 /* Info.swift in Sources */,
				813577DF25114566004BD31C /* AppDelegate.swift in Sources */,
				813577E125114566004BD31C /* SceneDelegate.swift in Sources */,
			);
			runOnlyForDeploymentPostprocessing = 0;
		};
/* End PBXSourcesBuildPhase section */

/* Begin PBXVariantGroup section */
		813577E425114566004BD31C /* Main.storyboard */ = {
			isa = PBXVariantGroup;
			children = (
				813577E525114566004BD31C /* Base */,
			);
			name = Main.storyboard;
			sourceTree = "<group>";
		};
		813577E92511456A004BD31C /* LaunchScreen.storyboard */ = {
			isa = PBXVariantGroup;
			children = (
				813577EA2511456A004BD31C /* Base */,
			);
			name = LaunchScreen.storyboard;
			sourceTree = "<group>";
		};
/* End PBXVariantGroup section */

/* Begin XCBuildConfiguration section */
		813577ED2511456A004BD31C /* Debug */ = {
			isa = XCBuildConfiguration;
			buildSettings = {
				ALWAYS_SEARCH_USER_PATHS = NO;
				CLANG_ANALYZER_NONNULL = YES;
				CLANG_ANALYZER_NUMBER_OBJECT_CONVERSION = YES_AGGRESSIVE;
				CLANG_CXX_LANGUAGE_STANDARD = "gnu++14";
				CLANG_CXX_LIBRARY = "libc++";
				CLANG_ENABLE_MODULES = YES;
				CLANG_ENABLE_OBJC_ARC = YES;
				CLANG_ENABLE_OBJC_WEAK = YES;
				CLANG_WARN_BLOCK_CAPTURE_AUTORELEASING = YES;
				CLANG_WARN_BOOL_CONVERSION = YES;
				CLANG_WARN_COMMA = YES;
				CLANG_WARN_CONSTANT_CONVERSION = YES;
				CLANG_WARN_DEPRECATED_OBJC_IMPLEMENTATIONS = YES;
				CLANG_WARN_DIRECT_OBJC_ISA_USAGE = YES_ERROR;
				CLANG_WARN_DOCUMENTATION_COMMENTS = YES;
				CLANG_WARN_EMPTY_BODY = YES;
				CLANG_WARN_ENUM_CONVERSION = YES;
				CLANG_WARN_INFINITE_RECURSION = YES;
				CLANG_WARN_INT_CONVERSION = YES;
				CLANG_WARN_NON_LITERAL_NULL_CONVERSION = YES;
				CLANG_WARN_OBJC_IMPLICIT_RETAIN_SELF = YES;
				CLANG_WARN_OBJC_LITERAL_CONVERSION = YES;
				CLANG_WARN_OBJC_ROOT_CLASS = YES_ERROR;
				CLANG_WARN_RANGE_LOOP_ANALYSIS = YES;
				CLANG_WARN_STRICT_PROTOTYPES = YES;
				CLANG_WARN_SUSPICIOUS_MOVE = YES;
				CLANG_WARN_UNGUARDED_AVAILABILITY = YES_AGGRESSIVE;
				CLANG_WARN_UNREACHABLE_CODE = YES;
				CLANG_WARN__DUPLICATE_METHOD_MATCH = YES;
				COPY_PHASE_STRIP = NO;
				DEBUG_INFORMATION_FORMAT = dwarf;
				ENABLE_STRICT_OBJC_MSGSEND = YES;
				ENABLE_TESTABILITY = YES;
				GCC_C_LANGUAGE_STANDARD = gnu11;
				GCC_DYNAMIC_NO_PIC = NO;
				GCC_NO_COMMON_BLOCKS = YES;
				GCC_OPTIMIZATION_LEVEL = 0;
				GCC_PREPROCESSOR_DEFINITIONS = (
					"DEBUG=1",
					"$(inherited)",
				);
				GCC_WARN_64_TO_32_BIT_CONVERSION = YES;
				GCC_WARN_ABOUT_RETURN_TYPE = YES_ERROR;
				GCC_WARN_UNDECLARED_SELECTOR = YES;
				GCC_WARN_UNINITIALIZED_AUTOS = YES_AGGRESSIVE;
				GCC_WARN_UNUSED_FUNCTION = YES;
				GCC_WARN_UNUSED_VARIABLE = YES;
				IPHONEOS_DEPLOYMENT_TARGET = 13.6;
				MTL_ENABLE_DEBUG_INFO = INCLUDE_SOURCE;
				MTL_FAST_MATH = YES;
				ONLY_ACTIVE_ARCH = YES;
				SDKROOT = iphoneos;
				SWIFT_ACTIVE_COMPILATION_CONDITIONS = DEBUG;
				SWIFT_OPTIMIZATION_LEVEL = "-Onone";
			};
			name = Debug;
		};
		813577EE2511456A004BD31C /* Release */ = {
			isa = XCBuildConfiguration;
			buildSettings = {
				ALWAYS_SEARCH_USER_PATHS = NO;
				CLANG_ANALYZER_NONNULL = YES;
				CLANG_ANALYZER_NUMBER_OBJECT_CONVERSION = YES_AGGRESSIVE;
				CLANG_CXX_LANGUAGE_STANDARD = "gnu++14";
				CLANG_CXX_LIBRARY = "libc++";
				CLANG_ENABLE_MODULES = YES;
				CLANG_ENABLE_OBJC_ARC = YES;
				CLANG_ENABLE_OBJC_WEAK = YES;
				CLANG_WARN_BLOCK_CAPTURE_AUTORELEASING = YES;
				CLANG_WARN_BOOL_CONVERSION = YES;
				CLANG_WARN_COMMA = YES;
				CLANG_WARN_CONSTANT_CONVERSION = YES;
				CLANG_WARN_DEPRECATED_OBJC_IMPLEMENTATIONS = YES;
				CLANG_WARN_DIRECT_OBJC_ISA_USAGE = YES_ERROR;
				CLANG_WARN_DOCUMENTATION_COMMENTS = YES;
				CLANG_WARN_EMPTY_BODY = YES;
				CLANG_WARN_ENUM_CONVERSION = YES;
				CLANG_WARN_INFINITE_RECURSION = YES;
				CLANG_WARN_INT_CONVERSION = YES;
				CLANG_WARN_NON_LITERAL_NULL_CONVERSION = YES;
				CLANG_WARN_OBJC_IMPLICIT_RETAIN_SELF = YES;
				CLANG_WARN_OBJC_LITERAL_CONVERSION = YES;
				CLANG_WARN_OBJC_ROOT_CLASS = YES_ERROR;
				CLANG_WARN_RANGE_LOOP_ANALYSIS = YES;
				CLANG_WARN_STRICT_PROTOTYPES = YES;
				CLANG_WARN_SUSPICIOUS_MOVE = YES;
				CLANG_WARN_UNGUARDED_AVAILABILITY = YES_AGGRESSIVE;
				CLANG_WARN_UNREACHABLE_CODE = YES;
				CLANG_WARN__DUPLICATE_METHOD_MATCH = YES;
				COPY_PHASE_STRIP = NO;
				DEBUG_INFORMATION_FORMAT = "dwarf-with-dsym";
				ENABLE_NS_ASSERTIONS = NO;
				ENABLE_STRICT_OBJC_MSGSEND = YES;
				GCC_C_LANGUAGE_STANDARD = gnu11;
				GCC_NO_COMMON_BLOCKS = YES;
				GCC_WARN_64_TO_32_BIT_CONVERSION = YES;
				GCC_WARN_ABOUT_RETURN_TYPE = YES_ERROR;
				GCC_WARN_UNDECLARED_SELECTOR = YES;
				GCC_WARN_UNINITIALIZED_AUTOS = YES_AGGRESSIVE;
				GCC_WARN_UNUSED_FUNCTION = YES;
				GCC_WARN_UNUSED_VARIABLE = YES;
				IPHONEOS_DEPLOYMENT_TARGET = 13.6;
				MTL_ENABLE_DEBUG_INFO = NO;
				MTL_FAST_MATH = YES;
				SDKROOT = iphoneos;
				SWIFT_COMPILATION_MODE = wholemodule;
				SWIFT_OPTIMIZATION_LEVEL = "-O";
				VALIDATE_PRODUCT = YES;
			};
			name = Release;
		};
		813577F02511456A004BD31C /* Debug */ = {
			isa = XCBuildConfiguration;
			buildSettings = {
				ASSETCATALOG_COMPILER_APPICON_NAME = AppIcon;
				CODE_SIGN_STYLE = Automatic;
				CURRENT_PROJECT_VERSION = 2.0;
				DEVELOPMENT_TEAM = 883DK65VTV;
				INFOPLIST_FILE = "EPHS Trace/Info.plist";
				IPHONEOS_DEPLOYMENT_TARGET = 13.1;
				LD_RUNPATH_SEARCH_PATHS = (
					"$(inherited)",
					"@executable_path/Frameworks",
				);
				MARKETING_VERSION = 1.0;
				PRODUCT_BUNDLE_IDENTIFIER = edu.ephs2020.TraceApp;
				PRODUCT_NAME = "$(TARGET_NAME)";
				SWIFT_VERSION = 5.0;
				TARGETED_DEVICE_FAMILY = "1,2";
			};
			name = Debug;
		};
		813577F12511456A004BD31C /* Release */ = {
			isa = XCBuildConfiguration;
			buildSettings = {
				ASSETCATALOG_COMPILER_APPICON_NAME = AppIcon;
				CODE_SIGN_STYLE = Automatic;
				CURRENT_PROJECT_VERSION = 2.0;
				DEVELOPMENT_TEAM = 883DK65VTV;
				INFOPLIST_FILE = "EPHS Trace/Info.plist";
				IPHONEOS_DEPLOYMENT_TARGET = 13.1;
				LD_RUNPATH_SEARCH_PATHS = (
					"$(inherited)",
					"@executable_path/Frameworks",
				);
				MARKETING_VERSION = 1.0;
				PRODUCT_BUNDLE_IDENTIFIER = edu.ephs2020.TraceApp;
				PRODUCT_NAME = "$(TARGET_NAME)";
				SWIFT_VERSION = 5.0;
				TARGETED_DEVICE_FAMILY = "1,2";
			};
			name = Release;
		};
/* End XCBuildConfiguration section */

/* Begin XCConfigurationList section */
		813577D625114565004BD31C /* Build configuration list for PBXProject "EPHS Trace" */ = {
			isa = XCConfigurationList;
			buildConfigurations = (
				813577ED2511456A004BD31C /* Debug */,
				813577EE2511456A004BD31C /* Release */,
			);
			defaultConfigurationIsVisible = 0;
			defaultConfigurationName = Release;
		};
		813577EF2511456A004BD31C /* Build configuration list for PBXNativeTarget "EPHS Trace" */ = {
			isa = XCConfigurationList;
			buildConfigurations = (
				813577F02511456A004BD31C /* Debug */,
				813577F12511456A004BD31C /* Release */,
			);
			defaultConfigurationIsVisible = 0;
			defaultConfigurationName = Release;
		};
/* End XCConfigurationList section */
	};
	rootObject = 813577D325114565004BD31C /* Project object */;
}
